version = 1
revision = 3
requires-python = ">=3.10"

[[package]]
name = "codebleu"
version = "0.7.0"
source = { registry = "https://pypi.org/simple" }
dependencies = [
    { name = "setuptools" },
    { name = "tree-sitter" },
]
sdist = { url = "https://files.pythonhosted.org/packages/8f/45/87298d89e206d88ce83c5d1c36d3d5bcd4eb0fcd64cfcd36adf58b844093/codebleu-0.7.0.tar.gz", hash = "sha256:6f379d5cd1663e1d248ee79d9b23d043c6bc6b60bd03fb106472bae77d2285c3", size = 177961, upload-time = "2024-05-30T10:32:09.033Z" }
wheels = [
    { url = "https://files.pythonhosted.org/packages/a7/44/888354a4cc9376e3ddc26ed5ed765e2ede0dcdba37ea7b71411b9dab90d2/codebleu-0.7.0-py3-none-any.whl", hash = "sha256:e664e21cf407a355a726fd5af05e0021d8a162f28999281d907d4e7b36c54873", size = 31656, upload-time = "2024-05-30T10:31:58.717Z" },
]

[[package]]
name = "evaluation"
version = "0.1.0"
source = { virtual = "." }
dependencies = [
    { name = "codebleu" },
    { name = "tree-sitter-c-sharp" },
    { name = "tree-sitter-java" },
]

[package.metadata]
requires-dist = [
    { name = "codebleu", specifier = ">=0.7.0" },
    { name = "tree-sitter-c-sharp", specifier = "<0.22.0" },
    { name = "tree-sitter-java", specifier = "<0.22.0" },
]

[[package]]
name = "setuptools"
version = "82.0.1"
source = { registry = "https://pypi.org/simple" }
sdist = { url = "https://files.pythonhosted.org/packages/4f/db/cfac1baf10650ab4d1c111714410d2fbb77ac5a616db26775db562c8fab2/setuptools-82.0.1.tar.gz", hash = "sha256:7d872682c5d01cfde07da7bccc7b65469d3dca203318515ada1de5eda35efbf9", size = 1152316, upload-time = "2026-03-09T12:47:17.221Z" }
wheels = [
    { url = "https://files.pythonhosted.org/packages/9d/76/f789f7a86709c6b087c5a2f52f911838cad707cc613162401badc665acfe/setuptools-82.0.1-py3-none-any.whl", hash = "sha256:a59e362652f08dcd477c78bb6e7bd9d80a7995bc73ce773050228a348ce2e5bb", size = 1006223, upload-time = "2026-03-09T12:47:15.026Z" },
]

[[package]]
name = "tree-sitter"
version = "0.22.3"
source = { registry = "https://pypi.org/simple" }
sdist = { url = "https://files.pythonhosted.org/packages/3c/b9/2caef40823773a8a7deede8b32f22cd2afc13e3e94da045c2f09b2e32ec4/tree-sitter-0.22.3.tar.gz", hash = "sha256:6516bcef5d36e0365670b97c91a169c8b1aa82ea4b60946b879020820718ce3d", size = 161828, upload-time = "2024-05-18T21:15:30.724Z" }
wheels = [
    { url = "https://files.pythonhosted.org/packages/08/24/7993b710a365c41eb26d10537e8c5ffdd56e02a599d1a353ff89a54c8d85/tree_sitter-0.22.3-cp310-cp310-macosx_10_9_x86_64.whl", hash = "sha256:d9a26dd80cf10763527483b02ba35a0b8d9168f324dbbce3f07860256c29bf15", size = 132972, upload-time = "2024-05-18T21:14:41.765Z" },
    { url = "https://files.pythonhosted.org/packages/51/57/03ab5b2fe8e5b686fdce57479758993db4252850436de5274ef46bc84592/tree_sitter-0.22.3-cp310-cp310-macosx_11_0_arm64.whl", hash = "sha256:4bcbe0a7358628629d9ec8e5687477e12f7c6aae6943b0872afb7170db039b86", size = 126310, upload-time = "2024-05-18T21:14:43.318Z" },
    { url = "https://files.pythonhosted.org/packages/76/f3/cccf27bd62e826f3ae9f42449d67ed4d4fc4f485c4489dcadb391c690cd6/tree_sitter-0.22.3-cp310-cp310-manylinux_2_17_aarch64.manylinux2014_aarch64.whl", hash = "sha256:dfa45e6bf2542862ce987482fe212ef3153bd331d5bba5873b9f485f8923f65a", size = 529916, upload-time = "2024-05-18T21:14:45.335Z" },
    { url = "https://files.pythonhosted.org/packages/d9/9b/e936dbf6a67115cd9eaef78333afda72473ac8f08385ac762ddcb330110d/tree_sitter-0.22.3-cp310-cp310-manylinux_2_17_x86_64.manylinux2014_x86_64.whl", hash = "sha256:4545b142da82f9668007180e0081583054682d0154cd6349796ac77dc8520d63", size = 542581, upload-time = "2024-05-18T21:14:46.98Z" },
    { url = "https://files.pythonhosted.org/packages/83/32/960a12251757f494b52daf29a949a5fb3206f673e37d2340d8dda3062d97/tree_sitter-0.22.3-cp310-cp310-musllinux_1_1_aarch64.whl", hash = "sha256:4978d22fe2868ab9a91125f49bd576ce5f954cc887c19471e0c33e104f37ba71", size = 538993, upload-time = "2024-05-18T21:14:49.042Z" },
    { url = "https://files.pythonhosted.org/packages/7d/cd/e0af100a7b393fdf38f6418c756258954a02fbcf825bfebf9ab89245c64f/tree_sitter-0.22.3-cp310-cp310-musllinux_1_1_x86_64.whl", hash = "sha256:0ec593a69f8c4f1c81494147814d11b7fc6c903e5299e084ae7b89caf95cef84", size = 546738, upload-time = "2024-05-18T21:14:50.41Z" },
    { url = "https://files.pythonhosted.org/packages/2f/8b/6b327b575ff686fcfd63f09a80d1cb6b578cbb5015c36db6aef95d982d2f/tree_sitter-0.22.3-cp310-cp310-win_amd64.whl", hash = "sha256:0f66b88b8e9993630613d594e845f3cf2695fef87d0ca1475437cb17eeb72dc5", size = 112770, upload-time = "2024-05-18T21:14:52.467Z" },
    { url = "https://files.pythonhosted.org/packages/2e/17/14ae4a94908f3325cfd170aa2d15fcca43ca59b9ea8eac2d36d3f43c207e/tree_sitter-0.22.3-cp311-cp311-macosx_10_9_x86_64.whl", hash = "sha256:9e627eb129421f63378e936b5d0e13b8befa6e7c5267a8a7621a397a84e8f1f7", size = 132806, upload-time = "2024-05-18T21:14:54.307Z" },
    { url = "https://files.pythonhosted.org/packages/67/bd/22d633b6e1b265fdfbf62c0b5d5ca2afa936d9c302c927d5d3c374e946f0/tree_sitter-0.22.3-cp311-cp311-macosx_11_0_arm64.whl", hash = "sha256:3cfa2a9860bfb0404ae28a9cf056dab8f2eb7f1673d8cc9b3f7e21452daad0e0", size = 126152, upload-time = "2024-05-18T21:14:55.619Z" },
    { url = "https://files.pythonhosted.org/packages/a8/41/47c76e49bb7435fe63b340b264152216ba7322043bb57e4cd2bd3c621857/tree_sitter-0.22.3-cp311-cp311-manylinux_2_17_aarch64.manylinux2014_aarch64.whl", hash = "sha256:d9a66cc5f19635119a9d8325bcb00a58ed48427e3c3d307caf7c00d745ac83a5", size = 532129, upload-time = "2024-05-18T21:14:57.108Z" },
    { url = "https://files.pythonhosted.org/packages/68/b0/d5e2dec406bd040ded7ade42c9cee112777da4e23faaf8567c3ab51dfb01/tree_sitter-0.22.3-cp311-cp311-manylinux_2_17_x86_64.manylinux2014_x86_64.whl", hash = "sha256:de16468ea22c910e67caa91c99be9d6eb73e97e5164480a890f678b22d32faca", size = 544208, upload-time = "2024-05-18T21:14:59.26Z" },
    { url = "https://files.pythonhosted.org/packages/cb/02/2b2fde29f2d2a7d88d4cc6e58d36070d95a758aaaef890b70ea831e521c3/tree_sitter-0.22.3-cp311-cp311-musllinux_1_1_aarch64.whl", hash = "sha256:98c697427f82abab6b39cfe2ade6547d844dd419fa8cfc89031bcdf7c10579b6", size = 542614, upload-time = "2024-05-18T21:15:01.472Z" },
    { url = "https://files.pythonhosted.org/packages/37/f5/9f38f9f085b3be1eb466359d3fa3754d3aa6e8689f8306208654916ecb0a/tree_sitter-0.22.3-cp311-cp311-musllinux_1_1_x86_64.whl", hash = "sha256:548aa34f15a29aef1fc8e85507f13e0678a54f1de16461f844d86179b19bb5f6", size = 551016, upload-time = "2024-05-18T21:15:03.321Z" },
    { url = "https://files.pythonhosted.org/packages/3c/f1/06d684d1e3e1b25bf6209929e86c267c6a98613df48a0172e7d9281e74e7/tree_sitter-0.22.3-cp311-cp311-win_amd64.whl", hash = "sha256:2fc0e1097fb86623b340141e80a0f2b7668b09d953501d91adc715a577e32c61", size = 112674, upload-time = "2024-05-18T21:15:05.063Z" },
    { url = "https://files.pythonhosted.org/packages/0a/d5/e3988ab188e69610e1ee435fe0941b6871341456542d79da2f9716111cf0/tree_sitter-0.22.3-cp312-cp312-macosx_10_9_x86_64.whl", hash = "sha256:7cb5c145fbd4bcc0cd4851dc4d0a6079a8e2f61257f8c0effc92434f6fb19b14", size = 132992, upload-time = "2024-05-18T21:15:06.987Z" },
    { url = "https://files.pythonhosted.org/packages/0d/4e/d5545419688825be2f5d857ec68fedb77487d499ca7003320fe2a8d73e67/tree_sitter-0.22.3-cp312-cp312-macosx_11_0_arm64.whl", hash = "sha256:d4a592080db6b9472a886f4593b4705d02630721fdbe4a700085fe775fcab20e", size = 125955, upload-time = "2024-05-18T21:15:08.244Z" },
    { url = "https://files.pythonhosted.org/packages/7c/ac/e6396ebefb2347ab66611a4140c6908c3557930f22129c6e37425f304745/tree_sitter-0.22.3-cp312-cp312-manylinux_2_17_aarch64.manylinux2014_aarch64.whl", hash = "sha256:f36bf523763f05edf924126583ea997f905162046c0f184d6fd040cc1ccbf2c5", size = 534047, upload-time = "2024-05-18T21:15:09.647Z" },
    { url = "https://files.pythonhosted.org/packages/aa/40/c15d51f0bd1b2087962fb26b3789fe0c0304e4f317deeda4b1722cd56e1f/tree_sitter-0.22.3-cp312-cp312-manylinux_2_17_x86_64.manylinux2014_x86_64.whl", hash = "sha256:f8e1193f27c25aab299f4fc154664122c7bfe80633b726bb457356d371479a5b", size = 546153, upload-time = "2024-05-18T21:15:11.734Z" },
    { url = "https://files.pythonhosted.org/packages/4a/d0/d76206c203532076c578bf9f004613fcb9ac0c03f3a976a48d5cc791e4ff/tree_sitter-0.22.3-cp312-cp312-musllinux_1_1_aarch64.whl", hash = "sha256:156df7e71a6c6b542ff29526cad6886a41115e42dc768c55101398d68325db54", size = 542688, upload-time = "2024-05-18T21:15:13.835Z" },
    { url = "https://files.pythonhosted.org/packages/fa/73/c3d3e161c807944262e6654e24c6c74e3cf5817a625de5bf190bc3c6d282/tree_sitter-0.22.3-cp312-cp312-musllinux_1_1_x86_64.whl", hash = "sha256:82e1d467ce23dd2ecc37d4fb83965e891fc37b943639c517cd5acf54a2df0ff7", size = 552180, upload-time = "2024-05-18T21:15:15.684Z" },
    { url = "https://files.pythonhosted.org/packages/6b/8d/8d86a0d2966ea492dd785a94c4d77ae22c86e707f8340f3960c1c0692bc5/tree_sitter-0.22.3-cp312-cp312-win_amd64.whl", hash = "sha256:e541a0c08a04f229ba9479a8c441dd267fdaa3e5842ae70a744c178bcaf53fa3", size = 112644, upload-time = "2024-05-18T21:15:17.615Z" },
]

[[package]]
name = "tree-sitter-c-sharp"
version = "0.21.3"
source = { registry = "https://pypi.org/simple" }
sdist = { url = "https://files.pythonhosted.org/packages/fb/75/f2a186374f308170ce26de15c0c1d27970041c7df8f8b5f5b2b4b1a2614a/tree-sitter-c-sharp-0.21.3.tar.gz", hash = "sha256:5afcc6bedd5b95065955f86858ecf623ac2d5f94e51c7b4fd5e80ceb2f3e375a", size = 1270232, upload-time = "2024-07-08T15:05:46.258Z" }
wheels = [
    { url = "https://files.pythonhosted.org/packages/47/08/c7363ec5fb5c20720ae382d9c81f20eebeaa8add8f19c4046497b6a096e9/tree_sitter_c_sharp-0.21.3-cp38-abi3-macosx_10_9_x86_64.whl", hash = "sha256:740ac4ab8eeb9d3912b99c21e205932a08674f0fbe55063ba4adbc7283a50e90", size = 361721, upload-time = "2024-07-08T15:05:30.287Z" },
    { url = "https://files.pythonhosted.org/packages/f9/ff/69fd8162d54ac84d3c304e6f61d8e857cfc6f4c03656de5d4b4a551c104c/tree_sitter_c_sharp-0.21.3-cp38-abi3-macosx_11_0_arm64.whl", hash = "sha256:9c07e4bceb6b80d1074275f57b390426b69ee48664909c112bc359bf27466cdd", size = 405996, upload-time = "2024-07-08T15:05:31.87Z" },
    { url = "https://files.pythonhosted.org/packages/6d/c9/9536e982486a237d82bb57b5718eaa4a1f3a0498cd4aa4a74695158303cc/tree_sitter_c_sharp-0.21.3-cp38-abi3-manylinux_2_17_aarch64.manylinux2014_aarch64.whl", hash = "sha256:ceb9c8d911a10f3d48534f798880d7756e6b82a5e1d20fdafaaa2acb91cb413a", size = 404087, upload-time = "2024-07-08T15:05:33.833Z" },
    { url = "https://files.pythonhosted.org/packages/ac/d7/5c30179800de03f94c04f05e57ad98c35bcefd94614190fdb64efbf14eec/tree_sitter_c_sharp-0.21.3-cp38-abi3-manylinux_2_5_x86_64.manylinux1_x86_64.manylinux_2_17_x86_64.manylinux2014_x86_64.whl", hash = "sha256:99cc01b65022cbbc1165a55df8cfa898aec2562fe3304fca1ccbee0daa4554bf", size = 391636, upload-time = "2024-07-08T15:05:38.585Z" },
    { url = "https://files.pythonhosted.org/packages/8c/e1/c745cc68021afc84e1217a635e0a9508c020f1d1a521d2719c580e4ffc61/tree_sitter_c_sharp-0.21.3-cp38-abi3-musllinux_1_2_aarch64.whl", hash = "sha256:40a6f775b71ff4f8d9d74c6d8ce66542e312ceff42ab7195a5c8dbdcc6196837", size = 387325, upload-time = "2024-07-08T15:05:40.313Z" },
    { url = "https://files.pythonhosted.org/packages/af/91/6e8cbf298c1d9f2acb6883cbac6d2a82bce99d91581f4074f0ddb6afeb46/tree_sitter_c_sharp-0.21.3-cp38-abi3-musllinux_1_2_x86_64.whl", hash = "sha256:b11024c4ac2123a46972e51d22e7960f80dc65f53d3b6bad897f20db8f1d37e0", size = 386574, upload-time = "2024-07-08T15:05:42.402Z" },
    { url = "https://files.pythonhosted.org/packages/92/7f/439723485d5b398875b4fc402a8a5977201baa1c65c5bf30967295ada965/tree_sitter_c_sharp-0.21.3-cp38-abi3-win_amd64.whl", hash = "sha256:a7cde252d28ddde0ec6e0afdb0acb655cfe9884fc9fbcde3a16160a68b8ad08d", size = 365625, upload-time = "2024-07-08T15:05:44.374Z" },
]

[[package]]
name = "tree-sitter-java"
version = "0.21.0"
source = { registry = "https://pypi.org/simple" }
wheels = [
    { url = "https://files.pythonhosted.org/packages/04/33/627a1bc82178131057bfad7ba1178f09979ac6ee8034915eb3caf0ff6088/tree_sitter_java-0.21.0-cp38-abi3-macosx_10_9_x86_64.whl", hash = "sha256:d30fb39af6590f6be877ff8d39c7e193f37594375b8fcdda55babd264411616b", size = 75795, upload-time = "2024-04-07T18:43:55.394Z" },
    { url = "https://files.pythonhosted.org/packages/4e/5a/c274c4b338b77035804905d216c73dbf7e672d5b8ef55e89ec47fa62f27a/tree_sitter_java-0.21.0-cp38-abi3-macosx_11_0_arm64.whl", hash = "sha256:696391968cdc467f97e525fbe43790c2d5ba46bf446376eb30d5c20b5c9d795a", size = 78061, upload-time = "2024-04-07T18:43:57.438Z" },
    { url = "https://files.pythonhosted.org/packages/90/27/1fb08e41074ee0cf26741f852ab995878974f63c5ce32df929507683417b/tree_sitter_java-0.21.0-cp38-abi3-manylinux_2_17_aarch64.manylinux2014_aarch64.whl", hash = "sha256:6b82318982531a473c598601d73956b0b1f9e608d39e427ba8c1a59f2d6da262", size = 125576, upload-time = "2024-04-07T18:43:59.071Z" },
    { url = "https://files.pythonhosted.org/packages/60/e7/b7dee7289ff66af83bf4c784847c9ded95276794d8d070495ca4b41d963d/tree_sitter_java-0.21.0-cp38-abi3-manylinux_2_5_x86_64.manylinux1_x86_64.manylinux_2_17_x86_64.manylinux2014_x86_64.whl", hash = "sha256:f9c01f48ec3a3d4b55fb2c56b7cad6ebf94dba568d690b45d966731859485dd4", size = 116990, upload-time = "2024-04-07T18:44:00.859Z" },
    { url = "https://files.pythonhosted.org/packages/8a/e3/591d561cc52a7b672b3c0836696b97222673ee7b0d2785b5ee26064dce1f/tree_sitter_java-0.21.0-cp38-abi3-musllinux_1_1_aarch64.whl", hash = "sha256:d83ca51b26826550051c53468ec74f5b570b4afb4d4520df0aa2a35b52de2289", size = 128126, upload-time = "2024-04-07T18:44:02.731Z" },
    { url = "https://files.pythonhosted.org/packages/eb/48/fbf338a749bd6e7e58bf9c30de5d7afb697a8ac5263cb68e79bdf18a6cfa/tree_sitter_java-0.21.0-cp38-abi3-musllinux_1_1_x86_64.whl", hash = "sha256:8afb56c90048272b079235b82fc2a4a69b058b4ace206d9475cbad2eb143f40a", size = 119512, upload-time = "2024-04-07T18:44:04.682Z" },
    { url = "https://files.pythonhosted.org/packages/5d/e2/a84f1b286197645cbedd360971ed0da4ad1ff21be236d927e62b679186de/tree_sitter_java-0.21.0-cp38-abi3-win_amd64.whl", hash = "sha256:6534fac27a93160a2b27a0c77f22a7c91f0aee2dba9d4cdbf835bf509ddfbf4f", size = 74376, upload-time = "2024-04-07T18:44:06.002Z" },
]
